
Microsoft Visual Studio Solution File, Format Version 12.00
# Visual Studio Version 17
VisualStudioVersion = 17.4.33213.308
MinimumVisualStudioVersion = 10.0.40219.1
Project("{FAE04EC0-301F-11D3-BF4B-00C04F79EFBC}") = "SrtFileEditor", "SrtFileEditor\SrtFileEditor.csproj", "{130D24A1-8843-4D8F-84CE-DF8199AE96F9}"
EndProject
Global
	GlobalSection(SolutionConfigurationPlatforms) = preSolution
		Debug|Any CPU = Debug|Any CPU
		Release|Any CPU = Release|Any CPU
	EndGlobalSection
	GlobalSection(ProjectConfigurationPlatforms) = postSolution
		{130D24A1-8843-4D8F-84CE-DF8199AE96F9}.Debug|Any CPU.ActiveCfg = Debug|Any CPU
		{130D24A1-8843-4D8F-84CE-DF8199AE96F9}.Debug|Any CPU.Build.0 = Debug|Any CPU
		{130D24A1-8843-4D8F-84CE-DF8199AE96F9}.Release|Any CPU.ActiveCfg = Release|Any CPU
		{130D24A1-8843-4D8F-84CE-DF8199AE96F9}.Release|Any CPU.Build.0 = Release|Any CPU
	EndGlobalSection
	GlobalSection(SolutionProperties) = preSolution
		HideSolutionNode = FALSE
	EndGlobalSection
	GlobalSection(ExtensibilityGlobals) = postSolution
		SolutionGuid = {29AB621A-D2BE-49E5-9BF5-A36B11EB9888}
	EndGlobalSection
EndGlobal
